{
  "requires": true,
  "lockfileVersion": 1,
  "dependencies": {
    "next.js": {
      "version": "1.0.3",
      "resolved": "https://registry.npmjs.org/next.js/-/next.js-1.0.3.tgz",
      "integrity": "sha512-nosnT7Jh4ML3kzwG9MPW+SfBKuHoZEMcCWw5kxwMYXoxnADGzIxWl+TdDMcEZP6Xl/t8m/5uyVlA9SBkH2oh/w=="
    },
    "nvm": {
      "version": "0.0.4",
      "resolved": "https://registry.npmjs.org/nvm/-/nvm-0.0.4.tgz",
      "integrity": "sha512-jvmyELykYcdyd0VCGY0E8Aqe5MngEasVvlPvrcJHbwBMUbVqa72mPdQuPzyTcykEtEx7jDrMY0QA5MoV+8EhgA=="
    }
  }
}
